// !$*UTF8*$!
{
	archiveVersion = 1;
	classes = {
	};
	objectVersion = 50;
	objects = {

/* Begin PBXBuildFile section */
		54D332B8277A6D4100960330 /* AfterDateCount.swift in Sources */ = {isa = PBXBuildFile; fileRef = 54D332B7277A6D4100960330 /* AfterDateCount.swift */; };
		54D332BB277BB9EF00960330 /* UIApplication+closeKeyboard.swift in Sources */ = {isa = PBXBuildFile; fileRef = 54D332BA277BB9EF00960330 /* UIApplication+closeKeyboard.swift */; };
		54DCA4BE271D68980083F5AD /* sheetCheckAndCountWeekAppApp.swift in Sources */ = {isa = PBXBuildFile; fileRef = 54DCA4BD271D68980083F5AD /* sheetCheckAndCountWeekAppApp.swift */; };
		54DCA4C0271D68980083F5AD /* ContentView.swift in Sources */ = {isa = PBXBuildFile; fileRef = 54DCA4BF271D68980083F5AD /* ContentView.swift */; };
		54DCA4C2271D689B0083F5AD /* Assets.xcassets in Resources */ = {isa = PBXBuildFile; fileRef = 54DCA4C1271D689B0083F5AD /* Assets.xcassets */; };
		54DCA4C5271D689B0083F5AD /* Preview Assets.xcassets in Resources */ = {isa = PBXBuildFile; fileRef = 54DCA4C4271D689B0083F5AD /* Preview Assets.xcassets */; };
		54DCA4D0271D6C0B0083F5AD /* DaysCount.swift in Sources */ = {isa = PBXBuildFile; fileRef = 54DCA4CF271D6C0B0083F5AD /* DaysCount.swift */; };
		54DCA4D2271D70940083F5AD /* SheetCount.swift in Sources */ = {isa = PBXBuildFile; fileRef = 54DCA4D1271D70940083F5AD /* SheetCount.swift */; };
/* End PBXBuildFile section */

/* Begin PBXFileReference section */
		54D332B7277A6D4100960330 /* AfterDateCount.swift */ = {isa = PBXFileReference; lastKnownFileType = sourcecode.swift; path = AfterDateCount.swift; sourceTree = "<group>"; };
		54D332BA277BB9EF00960330 /* UIApplication+closeKeyboard.swift */ = {isa = PBXFileReference; lastKnownFileType = sourcecode.swift; path = "UIApplication+closeKeyboard.swift"; sourceTree = "<group>"; };
		54DCA4BA271D68980083F5AD /* sheetCheckAndCountWeekApp.app */ = {isa = PBXFileReference; explicitFileType = wrapper.application; includeInIndex = 0; path = sheetCheckAndCountWeekApp.app; sourceTree = BUILT_PRODUCTS_DIR; };
		54DCA4BD271D68980083F5AD /* sheetCheckAndCountWeekAppApp.swift */ = {isa = PBXFileReference; lastKnownFileType = sourcecode.swift; path = sheetCheckAndCountWeekAppApp.swift; sourceTree = "<group>"; };
		54DCA4BF271D68980083F5AD /* ContentView.swift */ = {isa = PBXFileReference; lastKnownFileType = sourcecode.swift; path = ContentView.swift; sourceTree = "<group>"; };
		54DCA4C1271D689B0083F5AD /* Assets.xcassets */ = {isa = PBXFileReference; lastKnownFileType = folder.assetcatalog; path = Assets.xcassets; sourceTree = "<group>"; };
		54DCA4C4271D689B0083F5AD /* Preview Assets.xcassets */ = {isa = PBXFileReference; lastKnownFileType = folder.assetcatalog; path = "Preview Assets.xcassets"; sourceTree = "<group>"; };
		54DCA4C6271D689B0083F5AD /* Info.plist */ = {isa = PBXFileReference; lastKnownFileType = text.plist.xml; path = Info.plist; sourceTree = "<group>"; };
		54DCA4CF271D6C0B0083F5AD /* DaysCount.swift */ = {isa = PBXFileReference; lastKnownFileType = sourcecode.swift; path = DaysCount.swift; sourceTree = "<group>"; };
		54DCA4D1271D70940083F5AD /* SheetCount.swift */ = {isa = PBXFileReference; lastKnownFileType = sourcecode.swift; path = SheetCount.swift; sourceTree = "<group>"; };
/* End PBXFileReference section */

/* Begin PBXFrameworksBuildPhase section */
		54DCA4B7271D68980083F5AD /* Frameworks */ = {
			isa = PBXFrameworksBuildPhase;
			buildActionMask = 2147483647;
			files = (
			);
			runOnlyForDeploymentPostprocessing = 0;
		};
/* End PBXFrameworksBuildPhase section */

/* Begin PBXGroup section */
		54D332BC277BBE0F00960330 /* extension */ = {
			isa = PBXGroup;
			children = (
				54D332BA277BB9EF00960330 /* UIApplication+closeKeyboard.swift */,
			);
			path = extension;
			sourceTree = "<group>";
		};
		54DCA4B1271D68980083F5AD = {
			isa = PBXGroup;
			children = (
				54DCA4BC271D68980083F5AD /* sheetCheckAndCountWeekApp */,
				54DCA4BB271D68980083F5AD /* Products */,
			);
			sourceTree = "<group>";
		};
		54DCA4BB271D68980083F5AD /* Products */ = {
			isa = PBXGroup;
			children = (
				54DCA4BA271D68980083F5AD /* sheetCheckAndCountWeekApp.app */,
			);
			name = Products;
			sourceTree = "<group>";
		};
		54DCA4BC271D68980083F5AD /* sheetCheckAndCountWeekApp */ = {
			isa = PBXGroup;
			children = (
				54DCA4BD271D68980083F5AD /* sheetCheckAndCountWeekAppApp.swift */,
				54DCA4C1271D689B0083F5AD /* Assets.xcassets */,
				54DCA4C6271D689B0083F5AD /* Info.plist */,
				54D332BC277BBE0F00960330 /* extension */,
				54DCA4CC271D6AD60083F5AD /* Views */,
				54DCA4C3271D689B0083F5AD /* Preview Content */,
			);
			path = sheetCheckAndCountWeekApp;
			sourceTree = "<group>";
		};
		54DCA4C3271D689B0083F5AD /* Preview Content */ = {
			isa = PBXGroup;
			children = (
				54DCA4C4271D689B0083F5AD /* Preview Assets.xcassets */,
			);
			path = "Preview Content";
			sourceTree = "<group>";
		};
		54DCA4CC271D6AD60083F5AD /* Views */ = {
			isa = PBXGroup;
			children = (
				54DCA4BF271D68980083F5AD /* ContentView.swift */,
				54D332B7277A6D4100960330 /* AfterDateCount.swift */,
				54DCA4CF271D6C0B0083F5AD /* DaysCount.swift */,
				54DCA4D1271D70940083F5AD /* SheetCount.swift */,
			);
			path = Views;
			sourceTree = "<group>";
		};
/* End PBXGroup section */

/* Begin PBXNativeTarget section */
		54DCA4B9271D68980083F5AD /* sheetCheckAndCountWeekApp */ = {
			isa = PBXNativeTarget;
			buildConfigurationList = 54DCA4C9271D689B0083F5AD /* Build configuration list for PBXNativeTarget "sheetCheckAndCountWeekApp" */;
			buildPhases = (
				54DCA4B6271D68980083F5AD /* Sources */,
				54DCA4B7271D68980083F5AD /* Frameworks */,
				54DCA4B8271D68980083F5AD /* Resources */,
			);
			buildRules = (
			);
			dependencies = (
			);
			name = sheetCheckAndCountWeekApp;
			productName = sheetCheckAndCountWeekApp;
			productReference = 54DCA4BA271D68980083F5AD /* sheetCheckAndCountWeekApp.app */;
			productType = "com.apple.product-type.application";
		};
/* End PBXNativeTarget section */

/* Begin PBXProject section */
		54DCA4B2271D68980083F5AD /* Project object */ = {
			isa = PBXProject;
			attributes = {
				LastSwiftUpdateCheck = 1250;
				LastUpgradeCheck = 1250;
				TargetAttributes = {
					54DCA4B9271D68980083F5AD = {
						CreatedOnToolsVersion = 12.5.1;
					};
				};
			};
			buildConfigurationList = 54DCA4B5271D68980083F5AD /* Build configuration list for PBXProject "sheetCheckAndCountWeekApp" */;
			compatibilityVersion = "Xcode 9.3";
			developmentRegion = en;
			hasScannedForEncodings = 0;
			knownRegions = (
				en,
				Base,
			);
			mainGroup = 54DCA4B1271D68980083F5AD;
			productRefGroup = 54DCA4BB271D68980083F5AD /* Products */;
			projectDirPath = "";
			projectRoot = "";
			targets = (
				54DCA4B9271D68980083F5AD /* sheetCheckAndCountWeekApp */,
			);
		};
/* End PBXProject section */

/* Begin PBXResourcesBuildPhase section */
		54DCA4B8271D68980083F5AD /* Resources */ = {
			isa = PBXResourcesBuildPhase;
			buildActionMask = 2147483647;
			files = (
				54DCA4C5271D689B0083F5AD /* Preview Assets.xcassets in Resources */,
				54DCA4C2271D689B0083F5AD /* Assets.xcassets in Resources */,
			);
			runOnlyForDeploymentPostprocessing = 0;
		};
/* End PBXResourcesBuildPhase section */

/* Begin PBXSourcesBuildPhase section */
		54DCA4B6271D68980083F5AD /* Sources */ = {
			isa = PBXSourcesBuildPhase;
			buildActionMask = 2147483647;
			files = (
				54DCA4C0271D68980083F5AD /* ContentView.swift in Sources */,
				54DCA4D2271D70940083F5AD /* SheetCount.swift in Sources */,
				54D332B8277A6D4100960330 /* AfterDateCount.swift in Sources */,
				54D332BB277BB9EF00960330 /* UIApplication+closeKeyboard.swift in Sources */,
				54DCA4BE271D68980083F5AD /* sheetCheckAndCountWeekAppApp.swift in Sources */,
				54DCA4D0271D6C0B0083F5AD /* DaysCount.swift in Sources */,
			);
			runOnlyForDeploymentPostprocessing = 0;
		};
/* End PBXSourcesBuildPhase section */

/* Begin XCBuildConfiguration section */
		54DCA4C7271D689B0083F5AD /* Debug */ = {
			isa = XCBuildConfiguration;
			buildSettings = {
				ALWAYS_SEARCH_USER_PATHS = NO;
				CLANG_ANALYZER_NONNULL = YES;
				CLANG_ANALYZER_NUMBER_OBJECT_CONVERSION = YES_AGGRESSIVE;
				CLANG_CXX_LANGUAGE_STANDARD = "gnu++14";
				CLANG_CXX_LIBRARY = "libc++";
				CLANG_ENABLE_MODULES = YES;
				CLANG_ENABLE_OBJC_ARC = YES;
				CLANG_ENABLE_OBJC_WEAK = YES;
				CLANG_WARN_BLOCK_CAPTURE_AUTORELEASING = YES;
				CLANG_WARN_BOOL_CONVERSION = YES;
				CLANG_WARN_COMMA = YES;
				CLANG_WARN_CONSTANT_CONVERSION = YES;
				CLANG_WARN_DEPRECATED_OBJC_IMPLEMENTATIONS = YES;
				CLANG_WARN_DIRECT_OBJC_ISA_USAGE = YES_ERROR;
				CLANG_WARN_DOCUMENTATION_COMMENTS = YES;
				CLANG_WARN_EMPTY_BODY = YES;
				CLANG_WARN_ENUM_CONVERSION = YES;
				CLANG_WARN_INFINITE_RECURSION = YES;
				CLANG_WARN_INT_CONVERSION = YES;
				CLANG_WARN_NON_LITERAL_NULL_CONVERSION = YES;
				CLANG_WARN_OBJC_IMPLICIT_RETAIN_SELF = YES;
				CLANG_WARN_OBJC_LITERAL_CONVERSION = YES;
				CLANG_WARN_OBJC_ROOT_CLASS = YES_ERROR;
				CLANG_WARN_QUOTED_INCLUDE_IN_FRAMEWORK_HEADER = YES;
				CLANG_WARN_RANGE_LOOP_ANALYSIS = YES;
				CLANG_WARN_STRICT_PROTOTYPES = YES;
				CLANG_WARN_SUSPICIOUS_MOVE = YES;
				CLANG_WARN_UNGUARDED_AVAILABILITY = YES_AGGRESSIVE;
				CLANG_WARN_UNREACHABLE_CODE = YES;
				CLANG_WARN__DUPLICATE_METHOD_MATCH = YES;
				COPY_PHASE_STRIP = NO;
				DEBUG_INFORMATION_FORMAT = dwarf;
				ENABLE_STRICT_OBJC_MSGSEND = YES;
				ENABLE_TESTABILITY = YES;
				GCC_C_LANGUAGE_STANDARD = gnu11;
				GCC_DYNAMIC_NO_PIC = NO;
				GCC_NO_COMMON_BLOCKS = YES;
				GCC_OPTIMIZATION_LEVEL = 0;
				GCC_PREPROCESSOR_DEFINITIONS = (
					"DEBUG=1",
					"$(inherited)",
				);
				GCC_WARN_64_TO_32_BIT_CONVERSION = YES;
				GCC_WARN_ABOUT_RETURN_TYPE = YES_ERROR;
				GCC_WARN_UNDECLARED_SELECTOR = YES;
				GCC_WARN_UNINITIALIZED_AUTOS = YES_AGGRESSIVE;
				GCC_WARN_UNUSED_FUNCTION = YES;
				GCC_WARN_UNUSED_VARIABLE = YES;
				IPHONEOS_DEPLOYMENT_TARGET = 14.5;
				MTL_ENABLE_DEBUG_INFO = INCLUDE_SOURCE;
				MTL_FAST_MATH = YES;
				ONLY_ACTIVE_ARCH = YES;
				SDKROOT = iphoneos;
				SWIFT_ACTIVE_COMPILATION_CONDITIONS = DEBUG;
				SWIFT_OPTIMIZATION_LEVEL = "-Onone";
			};
			name = Debug;
		};
		54DCA4C8271D689B0083F5AD /* Release */ = {
			isa = XCBuildConfiguration;
			buildSettings = {
				ALWAYS_SEARCH_USER_PATHS = NO;
				CLANG_ANALYZER_NONNULL = YES;
				CLANG_ANALYZER_NUMBER_OBJECT_CONVERSION = YES_AGGRESSIVE;
				CLANG_CXX_LANGUAGE_STANDARD = "gnu++14";
				CLANG_CXX_LIBRARY = "libc++";
				CLANG_ENABLE_MODULES = YES;
				CLANG_ENABLE_OBJC_ARC = YES;
				CLANG_ENABLE_OBJC_WEAK = YES;
				CLANG_WARN_BLOCK_CAPTURE_AUTORELEASING = YES;
				CLANG_WARN_BOOL_CONVERSION = YES;
				CLANG_WARN_COMMA = YES;
				CLANG_WARN_CONSTANT_CONVERSION = YES;
				CLANG_WARN_DEPRECATED_OBJC_IMPLEMENTATIONS = YES;
				CLANG_WARN_DIRECT_OBJC_ISA_USAGE = YES_ERROR;
				CLANG_WARN_DOCUMENTATION_COMMENTS = YES;
				CLANG_WARN_EMPTY_BODY = YES;
				CLANG_WARN_ENUM_CONVERSION = YES;
				CLANG_WARN_INFINITE_RECURSION = YES;
				CLANG_WARN_INT_CONVERSION = YES;
				CLANG_WARN_NON_LITERAL_NULL_CONVERSION = YES;
				CLANG_WARN_OBJC_IMPLICIT_RETAIN_SELF = YES;
				CLANG_WARN_OBJC_LITERAL_CONVERSION = YES;
				CLANG_WARN_OBJC_ROOT_CLASS = YES_ERROR;
				CLANG_WARN_QUOTED_INCLUDE_IN_FRAMEWORK_HEADER = YES;
				CLANG_WARN_RANGE_LOOP_ANALYSIS = YES;
				CLANG_WARN_STRICT_PROTOTYPES = YES;
				CLANG_WARN_SUSPICIOUS_MOVE = YES;
				CLANG_WARN_UNGUARDED_AVAILABILITY = YES_AGGRESSIVE;
				CLANG_WARN_UNREACHABLE_CODE = YES;
				CLANG_WARN__DUPLICATE_METHOD_MATCH = YES;
				COPY_PHASE_STRIP = NO;
				DEBUG_INFORMATION_FORMAT = "dwarf-with-dsym";
				ENABLE_NS_ASSERTIONS = NO;
				ENABLE_STRICT_OBJC_MSGSEND = YES;
				GCC_C_LANGUAGE_STANDARD = gnu11;
				GCC_NO_COMMON_BLOCKS = YES;
				GCC_WARN_64_TO_32_BIT_CONVERSION = YES;
				GCC_WARN_ABOUT_RETURN_TYPE = YES_ERROR;
				GCC_WARN_UNDECLARED_SELECTOR = YES;
				GCC_WARN_UNINITIALIZED_AUTOS = YES_AGGRESSIVE;
				GCC_WARN_UNUSED_FUNCTION = YES;
				GCC_WARN_UNUSED_VARIABLE = YES;
				IPHONEOS_DEPLOYMENT_TARGET = 14.5;
				MTL_ENABLE_DEBUG_INFO = NO;
				MTL_FAST_MATH = YES;
				SDKROOT = iphoneos;
				SWIFT_COMPILATION_MODE = wholemodule;
				SWIFT_OPTIMIZATION_LEVEL = "-O";
				VALIDATE_PRODUCT = YES;
			};
			name = Release;
		};
		54DCA4CA271D689B0083F5AD /* Debug */ = {
			isa = XCBuildConfiguration;
			buildSettings = {
				ASSETCATALOG_COMPILER_APPICON_NAME = AppIcon;
				ASSETCATALOG_COMPILER_GLOBAL_ACCENT_COLOR_NAME = AccentColor;
				CODE_SIGN_STYLE = Automatic;
				DEVELOPMENT_ASSET_PATHS = "\"sheetCheckAndCountWeekApp/Preview Content\"";
				DEVELOPMENT_TEAM = 56RURCKBUJ;
				ENABLE_PREVIEWS = YES;
				INFOPLIST_FILE = sheetCheckAndCountWeekApp/Info.plist;
				IPHONEOS_DEPLOYMENT_TARGET = 14.0;
				LD_RUNPATH_SEARCH_PATHS = (
					"$(inherited)",
					"@executable_path/Frameworks",
				);
				PRODUCT_BUNDLE_IDENTIFIER = com.NOBUo1969.sheetCheckAndCountWeekApp;
				PRODUCT_NAME = "$(TARGET_NAME)";
				SWIFT_VERSION = 5.0;
				TARGETED_DEVICE_FAMILY = "1,2";
			};
			name = Debug;
		};
		54DCA4CB271D689B0083F5AD /* Release */ = {
			isa = XCBuildConfiguration;
			buildSettings = {
				ASSETCATALOG_COMPILER_APPICON_NAME = AppIcon;
				ASSETCATALOG_COMPILER_GLOBAL_ACCENT_COLOR_NAME = AccentColor;
				CODE_SIGN_STYLE = Automatic;
				DEVELOPMENT_ASSET_PATHS = "\"sheetCheckAndCountWeekApp/Preview Content\"";
				DEVELOPMENT_TEAM = 56RURCKBUJ;
				ENABLE_PREVIEWS = YES;
				INFOPLIST_FILE = sheetCheckAndCountWeekApp/Info.plist;
				IPHONEOS_DEPLOYMENT_TARGET = 14.0;
				LD_RUNPATH_SEARCH_PATHS = (
					"$(inherited)",
					"@executable_path/Frameworks",
				);
				PRODUCT_BUNDLE_IDENTIFIER = com.NOBUo1969.sheetCheckAndCountWeekApp;
				PRODUCT_NAME = "$(TARGET_NAME)";
				SWIFT_VERSION = 5.0;
				TARGETED_DEVICE_FAMILY = "1,2";
			};
			name = Release;
		};
/* End XCBuildConfiguration section */

/* Begin XCConfigurationList section */
		54DCA4B5271D68980083F5AD /* Build configuration list for PBXProject "sheetCheckAndCountWeekApp" */ = {
			isa = XCConfigurationList;
			buildConfigurations = (
				54DCA4C7271D689B0083F5AD /* Debug */,
				54DCA4C8271D689B0083F5AD /* Release */,
			);
			defaultConfigurationIsVisible = 0;
			defaultConfigurationName = Release;
		};
		54DCA4C9271D689B0083F5AD /* Build configuration list for PBXNativeTarget "sheetCheckAndCountWeekApp" */ = {
			isa = XCConfigurationList;
			buildConfigurations = (
				54DCA4CA271D689B0083F5AD /* Debug */,
				54DCA4CB271D689B0083F5AD /* Release */,
			);
			defaultConfigurationIsVisible = 0;
			defaultConfigurationName = Release;
		};
/* End XCConfigurationList section */
	};
	rootObject = 54DCA4B2271D68980083F5AD /* Project object */;
}
